
Microsoft Visual Studio Solution File, Format Version 12.00
# Visual Studio Version 16
VisualStudioVersion = 16.0.31112.23
MinimumVisualStudioVersion = 10.0.40219.1
Project("{FAE04EC0-301F-11D3-BF4B-00C04F79EFBC}") = "CRUD_ready", "CRUD_ready\CRUD_ready.csproj", "{1D30350B-27A1-45FC-8B52-6CF360CB57F9}"
EndProject
Global
	GlobalSection(SolutionConfigurationPlatforms) = preSolution
		Debug|Any CPU = Debug|Any CPU
		Release|Any CPU = Release|Any CPU
	EndGlobalSection
	GlobalSection(ProjectConfigurationPlatforms) = postSolution
		{1D30350B-27A1-45FC-8B52-6CF360CB57F9}.Debug|Any CPU.ActiveCfg = Debug|Any CPU
		{1D30350B-27A1-45FC-8B52-6CF360CB57F9}.Debug|Any CPU.Build.0 = Debug|Any CPU
		{1D30350B-27A1-45FC-8B52-6CF360CB57F9}.Release|Any CPU.ActiveCfg = Release|Any CPU
		{1D30350B-27A1-45FC-8B52-6CF360CB57F9}.Release|Any CPU.Build.0 = Release|Any CPU
	EndGlobalSection
	GlobalSection(SolutionProperties) = preSolution
		HideSolutionNode = FALSE
	EndGlobalSection
	GlobalSection(ExtensibilityGlobals) = postSolution
		SolutionGuid = {C04BECD0-B754-4C3E-BC1E-6AB70110F92F}
	EndGlobalSection
EndGlobal
